
Microsoft Visual Studio Solution File, Format Version 12.00
# Visual Studio 15
VisualStudioVersion = 15.0.28306.52
MinimumVisualStudioVersion = 10.0.40219.1
Project("{FAE04EC0-301F-11D3-BF4B-00C04F79EFBC}") = "diskinfo", "diskinfo\diskinfo.csproj", "{F78E7953-E038-4E1F-8770-057C34828A8E}"
EndProject
Global
	GlobalSection(SolutionConfigurationPlatforms) = preSolution
		Debug|Any CPU = Debug|Any CPU
		Release|Any CPU = Release|Any CPU
	EndGlobalSection
	GlobalSection(ProjectConfigurationPlatforms) = postSolution
		{F78E7953-E038-4E1F-8770-057C34828A8E}.Debug|Any CPU.ActiveCfg = Debug|Any CPU
		{F78E7953-E038-4E1F-8770-057C34828A8E}.Debug|Any CPU.Build.0 = Debug|Any CPU
		{F78E7953-E038-4E1F-8770-057C34828A8E}.Release|Any CPU.ActiveCfg = Release|Any CPU
		{F78E7953-E038-4E1F-8770-057C34828A8E}.Release|Any CPU.Build.0 = Release|Any CPU
	EndGlobalSection
	GlobalSection(SolutionProperties) = preSolution
		HideSolutionNode = FALSE
	EndGlobalSection
	GlobalSection(ExtensibilityGlobals) = postSolution
		SolutionGuid = {BB1232A2-60F3-4B7C-A5C9-761AAF4FFA64}
	EndGlobalSection
	GlobalSection(TeamFoundationVersionControl) = preSolution
		SccNumberOfProjects = 2
		SccEnterpriseProvider = {4CA58AB2-18FA-4F8D-95D4-32DDF27D184C}
		SccTeamFoundationServer = https://dev.azure.com/assurestor
		SccLocalPath0 = .
		SccProjectUniqueName1 = diskinfo\\diskinfo.csproj
		SccProjectName1 = diskinfo
		SccLocalPath1 = diskinfo
	EndGlobalSection
EndGlobal
